
Microsoft Visual Studio Solution File, Format Version 12.00
# Visual Studio Version 16
VisualStudioVersion = 16.0.31515.178
MinimumVisualStudioVersion = 10.0.40219.1
Project("{2150E333-8FDC-42A3-9474-1A3956D46DE8}") = "PizzaAppMigration", "PizzaAppMigration", "{3408142D-B005-420E-9C94-882359F5732F}"
EndProject
Project("{2150E333-8FDC-42A3-9474-1A3956D46DE8}") = "PizzaAppConsole", "PizzaAppConsole", "{016F2089-0A39-41EE-BF81-5A9515404307}"
EndProject
Project("{2150E333-8FDC-42A3-9474-1A3956D46DE8}") = "PizzaAppApi", "PizzaAppApi", "{1D8B8D2A-2638-4E50-A2E3-3242BB768077}"
EndProject
Project("{9A19103F-16F7-4668-BE54-9A1E7A4F7556}") = "PizzaApp", "PizzaConsole\PizzaApp.csproj", "{36B5CEE4-FEAA-4C7A-8372-289A4CFC6FAE}"
EndProject
Project("{9A19103F-16F7-4668-BE54-9A1E7A4F7556}") = "PizzaApi", "PizzaApi\PizzaApi.csproj", "{4A05914A-1B94-4AE8-AE22-215FD153F4E2}"
EndProject
Project("{2150E333-8FDC-42A3-9474-1A3956D46DE8}") = "Data", "Data", "{1DE3C778-1DDF-4A05-BD29-9B655F6827A7}"
	ProjectSection(SolutionItems) = preProject
		Data\PizzaAppData.llblgenproj = Data\PizzaAppData.llblgenproj
		Data\PizzaAppData20210829163956.llblgenproj = Data\PizzaAppData20210829163956.llblgenproj
		Data\PizzaAppData20210829164129.llblgenproj = Data\PizzaAppData20210829164129.llblgenproj
		Data\PizzaAppData20210829164145.llblgenproj = Data\PizzaAppData20210829164145.llblgenproj
	EndProjectSection
EndProject
Project("{2150E333-8FDC-42A3-9474-1A3956D46DE8}") = "DatabaseGeneric", "DatabaseGeneric", "{FF09C03A-F09A-4EBA-9F4E-A917E79FA089}"
EndProject
Project("{2150E333-8FDC-42A3-9474-1A3956D46DE8}") = "DatabaseSpecific", "DatabaseSpecific", "{43BCFE22-672D-4654-91E5-CF3D659023FC}"
EndProject
Project("{2150E333-8FDC-42A3-9474-1A3956D46DE8}") = "OrdersView", "OrdersView", "{18D98E8D-944F-46E9-8F8B-6168BE9AFEB7}"
EndProject
Project("{2150E333-8FDC-42A3-9474-1A3956D46DE8}") = "OrdersView.Persistence", "OrdersView.Persistence", "{4EE3318F-607A-4372-93EC-22BB1A45DD2A}"
EndProject
Project("{9A19103F-16F7-4668-BE54-9A1E7A4F7556}") = "PizzaAppData", "Data\DatabaseGeneric\PizzaAppData.csproj", "{EF11D2E9-9262-4722-BEA3-AFF920EDC078}"
EndProject
Project("{9A19103F-16F7-4668-BE54-9A1E7A4F7556}") = "PizzaAppDataDBSpecific", "Data\DatabaseSpecific\PizzaAppDataDBSpecific.csproj", "{117750BA-11AC-480B-99B8-4201CC11CE1C}"
EndProject
Project("{9A19103F-16F7-4668-BE54-9A1E7A4F7556}") = "OrdersView", "Data\OrdersView\OrdersView.csproj", "{CFDDB2BB-B070-4F04-A10F-D68E60FC6E5D}"
EndProject
Project("{9A19103F-16F7-4668-BE54-9A1E7A4F7556}") = "OrdersView.Persistence", "Data\OrdersView.Persistence\OrdersView.Persistence.csproj", "{10C7B1E8-F262-4FEC-8753-07AA3B252F37}"
EndProject
Project("{9A19103F-16F7-4668-BE54-9A1E7A4F7556}") = "PizzaMigration", "PizzaMigration\PizzaMigration.csproj", "{76BE6942-6A27-414B-8E1E-AF60194D6E4F}"
EndProject
Global
	GlobalSection(SolutionConfigurationPlatforms) = preSolution
		Debug|Any CPU = Debug|Any CPU
		Release|Any CPU = Release|Any CPU
	EndGlobalSection
	GlobalSection(ProjectConfigurationPlatforms) = postSolution
		{36B5CEE4-FEAA-4C7A-8372-289A4CFC6FAE}.Debug|Any CPU.ActiveCfg = Debug|Any CPU
		{36B5CEE4-FEAA-4C7A-8372-289A4CFC6FAE}.Debug|Any CPU.Build.0 = Debug|Any CPU
		{36B5CEE4-FEAA-4C7A-8372-289A4CFC6FAE}.Release|Any CPU.ActiveCfg = Release|Any CPU
		{36B5CEE4-FEAA-4C7A-8372-289A4CFC6FAE}.Release|Any CPU.Build.0 = Release|Any CPU
		{4A05914A-1B94-4AE8-AE22-215FD153F4E2}.Debug|Any CPU.ActiveCfg = Debug|Any CPU
		{4A05914A-1B94-4AE8-AE22-215FD153F4E2}.Debug|Any CPU.Build.0 = Debug|Any CPU
		{4A05914A-1B94-4AE8-AE22-215FD153F4E2}.Release|Any CPU.ActiveCfg = Release|Any CPU
		{4A05914A-1B94-4AE8-AE22-215FD153F4E2}.Release|Any CPU.Build.0 = Release|Any CPU
		{EF11D2E9-9262-4722-BEA3-AFF920EDC078}.Debug|Any CPU.ActiveCfg = Debug|Any CPU
		{EF11D2E9-9262-4722-BEA3-AFF920EDC078}.Debug|Any CPU.Build.0 = Debug|Any CPU
		{EF11D2E9-9262-4722-BEA3-AFF920EDC078}.Release|Any CPU.ActiveCfg = Release|Any CPU
		{EF11D2E9-9262-4722-BEA3-AFF920EDC078}.Release|Any CPU.Build.0 = Release|Any CPU
		{117750BA-11AC-480B-99B8-4201CC11CE1C}.Debug|Any CPU.ActiveCfg = Debug|Any CPU
		{117750BA-11AC-480B-99B8-4201CC11CE1C}.Debug|Any CPU.Build.0 = Debug|Any CPU
		{117750BA-11AC-480B-99B8-4201CC11CE1C}.Release|Any CPU.ActiveCfg = Release|Any CPU
		{117750BA-11AC-480B-99B8-4201CC11CE1C}.Release|Any CPU.Build.0 = Release|Any CPU
		{CFDDB2BB-B070-4F04-A10F-D68E60FC6E5D}.Debug|Any CPU.ActiveCfg = Debug|Any CPU
		{CFDDB2BB-B070-4F04-A10F-D68E60FC6E5D}.Debug|Any CPU.Build.0 = Debug|Any CPU
		{CFDDB2BB-B070-4F04-A10F-D68E60FC6E5D}.Release|Any CPU.ActiveCfg = Release|Any CPU
		{CFDDB2BB-B070-4F04-A10F-D68E60FC6E5D}.Release|Any CPU.Build.0 = Release|Any CPU
		{10C7B1E8-F262-4FEC-8753-07AA3B252F37}.Debug|Any CPU.ActiveCfg = Debug|Any CPU
		{10C7B1E8-F262-4FEC-8753-07AA3B252F37}.Debug|Any CPU.Build.0 = Debug|Any CPU
		{10C7B1E8-F262-4FEC-8753-07AA3B252F37}.Release|Any CPU.ActiveCfg = Release|Any CPU
		{10C7B1E8-F262-4FEC-8753-07AA3B252F37}.Release|Any CPU.Build.0 = Release|Any CPU
		{76BE6942-6A27-414B-8E1E-AF60194D6E4F}.Debug|Any CPU.ActiveCfg = Debug|Any CPU
		{76BE6942-6A27-414B-8E1E-AF60194D6E4F}.Debug|Any CPU.Build.0 = Debug|Any CPU
		{76BE6942-6A27-414B-8E1E-AF60194D6E4F}.Release|Any CPU.ActiveCfg = Release|Any CPU
		{76BE6942-6A27-414B-8E1E-AF60194D6E4F}.Release|Any CPU.Build.0 = Release|Any CPU
	EndGlobalSection
	GlobalSection(SolutionProperties) = preSolution
		HideSolutionNode = FALSE
	EndGlobalSection
	GlobalSection(NestedProjects) = preSolution
		{36B5CEE4-FEAA-4C7A-8372-289A4CFC6FAE} = {016F2089-0A39-41EE-BF81-5A9515404307}
		{4A05914A-1B94-4AE8-AE22-215FD153F4E2} = {1D8B8D2A-2638-4E50-A2E3-3242BB768077}
		{FF09C03A-F09A-4EBA-9F4E-A917E79FA089} = {1DE3C778-1DDF-4A05-BD29-9B655F6827A7}
		{43BCFE22-672D-4654-91E5-CF3D659023FC} = {1DE3C778-1DDF-4A05-BD29-9B655F6827A7}
		{18D98E8D-944F-46E9-8F8B-6168BE9AFEB7} = {1DE3C778-1DDF-4A05-BD29-9B655F6827A7}
		{4EE3318F-607A-4372-93EC-22BB1A45DD2A} = {1DE3C778-1DDF-4A05-BD29-9B655F6827A7}
		{EF11D2E9-9262-4722-BEA3-AFF920EDC078} = {FF09C03A-F09A-4EBA-9F4E-A917E79FA089}
		{117750BA-11AC-480B-99B8-4201CC11CE1C} = {43BCFE22-672D-4654-91E5-CF3D659023FC}
		{CFDDB2BB-B070-4F04-A10F-D68E60FC6E5D} = {18D98E8D-944F-46E9-8F8B-6168BE9AFEB7}
		{10C7B1E8-F262-4FEC-8753-07AA3B252F37} = {4EE3318F-607A-4372-93EC-22BB1A45DD2A}
		{76BE6942-6A27-414B-8E1E-AF60194D6E4F} = {3408142D-B005-420E-9C94-882359F5732F}
	EndGlobalSection
	GlobalSection(ExtensibilityGlobals) = postSolution
		SolutionGuid = {FC7367CB-A688-4F2B-9951-B1861401CE10}
	EndGlobalSection
EndGlobal
