
Microsoft Visual Studio Solution File, Format Version 12.00
# Visual Studio Version 16
VisualStudioVersion = 16.0.31515.178
MinimumVisualStudioVersion = 10.0.40219.1
Project("{2150E333-8FDC-42A3-9474-1A3956D46DE8}") = "PizzaAppMigration", "PizzaAppMigration", "{3408142D-B005-420E-9C94-882359F5732F}"
EndProject
Project("{2150E333-8FDC-42A3-9474-1A3956D46DE8}") = "PizzaAppConsole", "PizzaAppConsole", "{016F2089-0A39-41EE-BF81-5A9515404307}"
EndProject
Project("{2150E333-8FDC-42A3-9474-1A3956D46DE8}") = "PizzaAppApi", "PizzaAppApi", "{1D8B8D2A-2638-4E50-A2E3-3242BB768077}"
EndProject
Project("{9A19103F-16F7-4668-BE54-9A1E7A4F7556}") = "PizzaApp", "PizzaConsole\PizzaApp.csproj", "{36B5CEE4-FEAA-4C7A-8372-289A4CFC6FAE}"
EndProject
Project("{FAE04EC0-301F-11D3-BF4B-00C04F79EFBC}") = "PizzaApi", "PizzaApi\PizzaApi.csproj", "{4A05914A-1B94-4AE8-AE22-215FD153F4E2}"
EndProject
Project("{FAE04EC0-301F-11D3-BF4B-00C04F79EFBC}") = "PizzaMigration", "PizzaMigration\PizzaMigration.csproj", "{21075AE2-D52C-47A8-839D-705CCE46B113}"
EndProject
Global
	GlobalSection(SolutionConfigurationPlatforms) = preSolution
		Debug|Any CPU = Debug|Any CPU
		Release|Any CPU = Release|Any CPU
	EndGlobalSection
	GlobalSection(ProjectConfigurationPlatforms) = postSolution
		{36B5CEE4-FEAA-4C7A-8372-289A4CFC6FAE}.Debug|Any CPU.ActiveCfg = Debug|Any CPU
		{36B5CEE4-FEAA-4C7A-8372-289A4CFC6FAE}.Debug|Any CPU.Build.0 = Debug|Any CPU
		{36B5CEE4-FEAA-4C7A-8372-289A4CFC6FAE}.Release|Any CPU.ActiveCfg = Release|Any CPU
		{36B5CEE4-FEAA-4C7A-8372-289A4CFC6FAE}.Release|Any CPU.Build.0 = Release|Any CPU
		{4A05914A-1B94-4AE8-AE22-215FD153F4E2}.Debug|Any CPU.ActiveCfg = Debug|Any CPU
		{4A05914A-1B94-4AE8-AE22-215FD153F4E2}.Debug|Any CPU.Build.0 = Debug|Any CPU
		{4A05914A-1B94-4AE8-AE22-215FD153F4E2}.Release|Any CPU.ActiveCfg = Release|Any CPU
		{4A05914A-1B94-4AE8-AE22-215FD153F4E2}.Release|Any CPU.Build.0 = Release|Any CPU
		{21075AE2-D52C-47A8-839D-705CCE46B113}.Debug|Any CPU.ActiveCfg = Debug|Any CPU
		{21075AE2-D52C-47A8-839D-705CCE46B113}.Debug|Any CPU.Build.0 = Debug|Any CPU
		{21075AE2-D52C-47A8-839D-705CCE46B113}.Release|Any CPU.ActiveCfg = Release|Any CPU
		{21075AE2-D52C-47A8-839D-705CCE46B113}.Release|Any CPU.Build.0 = Release|Any CPU
	EndGlobalSection
	GlobalSection(SolutionProperties) = preSolution
		HideSolutionNode = FALSE
	EndGlobalSection
	GlobalSection(NestedProjects) = preSolution
		{36B5CEE4-FEAA-4C7A-8372-289A4CFC6FAE} = {016F2089-0A39-41EE-BF81-5A9515404307}
		{4A05914A-1B94-4AE8-AE22-215FD153F4E2} = {1D8B8D2A-2638-4E50-A2E3-3242BB768077}
		{21075AE2-D52C-47A8-839D-705CCE46B113} = {3408142D-B005-420E-9C94-882359F5732F}
	EndGlobalSection
	GlobalSection(ExtensibilityGlobals) = postSolution
		SolutionGuid = {FC7367CB-A688-4F2B-9951-B1861401CE10}
	EndGlobalSection
EndGlobal
